
Microsoft Visual Studio Solution File, Format Version 12.00
# Visual Studio Version 16
VisualStudioVersion = 16.0.29215.179
MinimumVisualStudioVersion = 10.0.40219.1
Project("{9A19103F-16F7-4668-BE54-9A1E7A4F7556}") = "PerfectBuild", "PerfectBuild\PerfectBuild.csproj", "{59641247-9642-4F69-90F5-D603520C6E4F}"
EndProject
Project("{9A19103F-16F7-4668-BE54-9A1E7A4F7556}") = "PerfectBuild.Tests", "PerfectBuild.Tests\PerfectBuild.Tests.csproj", "{EFB025E3-24CD-4092-82F6-5D1DD51CA36F}"
EndProject
Global
	GlobalSection(SolutionConfigurationPlatforms) = preSolution
		Debug|Any CPU = Debug|Any CPU
		Release|Any CPU = Release|Any CPU
	EndGlobalSection
	GlobalSection(ProjectConfigurationPlatforms) = postSolution
		{59641247-9642-4F69-90F5-D603520C6E4F}.Debug|Any CPU.ActiveCfg = Debug|Any CPU
		{59641247-9642-4F69-90F5-D603520C6E4F}.Debug|Any CPU.Build.0 = Debug|Any CPU
		{59641247-9642-4F69-90F5-D603520C6E4F}.Release|Any CPU.ActiveCfg = Release|Any CPU
		{59641247-9642-4F69-90F5-D603520C6E4F}.Release|Any CPU.Build.0 = Release|Any CPU
		{EFB025E3-24CD-4092-82F6-5D1DD51CA36F}.Debug|Any CPU.ActiveCfg = Debug|Any CPU
		{EFB025E3-24CD-4092-82F6-5D1DD51CA36F}.Debug|Any CPU.Build.0 = Debug|Any CPU
		{EFB025E3-24CD-4092-82F6-5D1DD51CA36F}.Release|Any CPU.ActiveCfg = Release|Any CPU
		{EFB025E3-24CD-4092-82F6-5D1DD51CA36F}.Release|Any CPU.Build.0 = Release|Any CPU
	EndGlobalSection
	GlobalSection(SolutionProperties) = preSolution
		HideSolutionNode = FALSE
	EndGlobalSection
	GlobalSection(ExtensibilityGlobals) = postSolution
		SolutionGuid = {EC371FF9-EE5D-4213-A526-66AD63BAF27C}
	EndGlobalSection
EndGlobal
